
Microsoft Visual Studio Solution File, Format Version 12.00
# Visual Studio Version 16
VisualStudioVersion = 16.0.31624.102
MinimumVisualStudioVersion = 10.0.40219.1
Project("{FAE04EC0-301F-11D3-BF4B-00C04F79EFBC}") = "ReactPeopleCars.Web", "ReactPeopleCars.Web\ReactPeopleCars.Web.csproj", "{474ACFEA-53C2-4FE6-8642-659AC3735B76}"
EndProject
Project("{FAE04EC0-301F-11D3-BF4B-00C04F79EFBC}") = "ReactPeopleCars.Data", "ReactPeopleCars.Data\ReactPeopleCars.Data.csproj", "{BBEB58D2-5A6B-44F6-86EB-1E6D800D841B}"
EndProject
Global
	GlobalSection(SolutionConfigurationPlatforms) = preSolution
		Debug|Any CPU = Debug|Any CPU
		Release|Any CPU = Release|Any CPU
	EndGlobalSection
	GlobalSection(ProjectConfigurationPlatforms) = postSolution
		{474ACFEA-53C2-4FE6-8642-659AC3735B76}.Debug|Any CPU.ActiveCfg = Debug|Any CPU
		{474ACFEA-53C2-4FE6-8642-659AC3735B76}.Debug|Any CPU.Build.0 = Debug|Any CPU
		{474ACFEA-53C2-4FE6-8642-659AC3735B76}.Release|Any CPU.ActiveCfg = Release|Any CPU
		{474ACFEA-53C2-4FE6-8642-659AC3735B76}.Release|Any CPU.Build.0 = Release|Any CPU
		{BBEB58D2-5A6B-44F6-86EB-1E6D800D841B}.Debug|Any CPU.ActiveCfg = Debug|Any CPU
		{BBEB58D2-5A6B-44F6-86EB-1E6D800D841B}.Debug|Any CPU.Build.0 = Debug|Any CPU
		{BBEB58D2-5A6B-44F6-86EB-1E6D800D841B}.Release|Any CPU.ActiveCfg = Release|Any CPU
		{BBEB58D2-5A6B-44F6-86EB-1E6D800D841B}.Release|Any CPU.Build.0 = Release|Any CPU
	EndGlobalSection
	GlobalSection(SolutionProperties) = preSolution
		HideSolutionNode = FALSE
	EndGlobalSection
	GlobalSection(ExtensibilityGlobals) = postSolution
		SolutionGuid = {6BEFE3CD-7C05-4350-855F-9C3B278B13A7}
	EndGlobalSection
EndGlobal
